{
  "name": "WxTalks",
  "lockfileVersion": 2,
  "requires": true,
  "packages": {
    "": {
      "dependencies": {
        "alawmulaw": "^6.0.0"
      }
    },
    "node_modules/alawmulaw": {
      "version": "6.0.0",
      "resolved": "https://registry.npmmirror.com/alawmulaw/-/alawmulaw-6.0.0.tgz",
      "integrity": "sha512-1aQJZX2Ax5X7Bq9j9Wkv0gczxexnkshlNNxTc0sD5DjAb+NIgfHkI3rpnjSgr6pK1s4V0Z7viBgE9/FHcIwkyw==",
      "engines": {
        "node": ">=8"
      }
    }
  },
  "dependencies": {
    "alawmulaw": {
      "version": "6.0.0",
      "resolved": "https://registry.npmmirror.com/alawmulaw/-/alawmulaw-6.0.0.tgz",
      "integrity": "sha512-1aQJZX2Ax5X7Bq9j9Wkv0gczxexnkshlNNxTc0sD5DjAb+NIgfHkI3rpnjSgr6pK1s4V0Z7viBgE9/FHcIwkyw=="
    }
  }
}
